{
  "name": "office-oxide",
  "version": "0.1.12",
  "lockfileVersion": 3,
  "requires": true,
  "packages": {
    "": {
      "name": "office-oxide",
      "version": "0.1.12",
      "hasInstallScript": true,
      "license": "MIT OR Apache-2.0",
      "dependencies": {
        "koffi": "^3.3.1"
      },
      "engines": {
        "node": ">=18"
      },
      "optionalDependencies": {
        "office-oxide-darwin-arm64": "0.1.12",
        "office-oxide-darwin-x64": "0.1.12",
        "office-oxide-linux-arm64": "0.1.12",
        "office-oxide-linux-x64": "0.1.12",
        "office-oxide-win32-arm64": "0.1.12",
        "office-oxide-win32-x64": "0.1.12"
      }
    },
    "node_modules/@koromix/koffi-android-arm64": {
      "version": "3.3.1",
      "resolved": "https://registry.npmjs.org/@koromix/koffi-android-arm64/-/koffi-android-arm64-3.3.1.tgz",
      "integrity": "sha512-S3yMzUGca5UJRioY7wdBjeO+LuW9mQhrksL+Wd5ri1X7kWMB2IGLzrT1mn1xqx02Vicgvuy5GtkhHuxG5mkzYw==",
      "cpu": [
        "arm64"
      ],
      "license": "MIT",
      "optional": true,
      "os": [
        "android"
      ],
      "funding": {
        "url": "https://liberapay.com/Koromix"
      }
    },
    "node_modules/@koromix/koffi-android-x64": {
      "version": "3.3.1",
      "resolved": "https://registry.npmjs.org/@koromix/koffi-android-x64/-/koffi-android-x64-3.3.1.tgz",
      "integrity": "sha512-QaKSyVi37j19CfN2tR3q8lQMosZ+mQIOQXcNQmWXfYDUs9x2CSCxzvMTeQyFyGdAqB58dBluEiy8V5ZMvARSHg==",
      "cpu": [
        "x64"
      ],
      "license": "MIT",
      "optional": true,
      "os": [
        "android"
      ],
      "funding": {
        "url": "https://liberapay.com/Koromix"
      }
    },
    "node_modules/@koromix/koffi-darwin-arm64": {
      "version": "3.3.1",
      "resolved": "https://registry.npmjs.org/@koromix/koffi-darwin-arm64/-/koffi-darwin-arm64-3.3.1.tgz",
      "integrity": "sha512-xVLQMZzACn6TQJsGp/mBF71mfRyuhmxTBGcQLfJM59YArNN/9+1JV8FFCElmgspffijASZsLwbSEdPwZMNeDhQ==",
      "cpu": [
        "arm64"
      ],
      "license": "MIT",
      "optional": true,
      "os": [
        "darwin"
      ],
      "funding": {
        "url": "https://liberapay.com/Koromix"
      }
    },
    "node_modules/@koromix/koffi-darwin-x64": {
      "version": "3.3.1",
      "resolved": "https://registry.npmjs.org/@koromix/koffi-darwin-x64/-/koffi-darwin-x64-3.3.1.tgz",
      "integrity": "sha512-+VGqqnBQvR+AbAbRyRDsxK0D6wwAivUURWsyVX8NhR5agf+0+sSAdNMsSy+9DyO7CmioTUVwV+Do+12uWnFrmA==",
      "cpu": [
        "x64"
      ],
      "license": "MIT",
      "optional": true,
      "os": [
        "darwin"
      ],
      "funding": {
        "url": "https://liberapay.com/Koromix"
      }
    },
    "node_modules/@koromix/koffi-freebsd-arm64": {
      "version": "3.3.1",
      "resolved": "https://registry.npmjs.org/@koromix/koffi-freebsd-arm64/-/koffi-freebsd-arm64-3.3.1.tgz",
      "integrity": "sha512-oPkfxEiLiZs1jV6qqw3DzZy3aigzOb9mGbRtK6ENNgoiZ2QdAw55cXUTOMNiAwgbkBwt7SsorFdUnYUuP5b0Gg==",
      "cpu": [
        "arm64"
      ],
      "license": "MIT",
      "optional": true,
      "os": [
        "freebsd"
      ],
      "funding": {
        "url": "https://liberapay.com/Koromix"
      }
    },
    "node_modules/@koromix/koffi-freebsd-ia32": {
      "version": "3.3.1",
      "resolved": "https://registry.npmjs.org/@koromix/koffi-freebsd-ia32/-/koffi-freebsd-ia32-3.3.1.tgz",
      "integrity": "sha512-uLb93keIlk6TkECtb17z2d5nehEIJ2labIXF0ava3s+9w7VE7QZUw3O2IQVq4t95sIm5rMoE1Y+cFa0aN6444w==",
      "cpu": [
        "ia32"
      ],
      "license": "MIT",
      "optional": true,
      "os": [
        "freebsd"
      ],
      "funding": {
        "url": "https://liberapay.com/Koromix"
      }
    },
    "node_modules/@koromix/koffi-freebsd-x64": {
      "version": "3.3.1",
      "resolved": "https://registry.npmjs.org/@koromix/koffi-freebsd-x64/-/koffi-freebsd-x64-3.3.1.tgz",
      "integrity": "sha512-+Iuh+m5Ln0fjubgw/6bzEkliBcFBIFWWL7IqzmktPy0Q0Bq+XCGtUf+5/KTlodYlTOLv/SE/YTbVkk3c02+E6w==",
      "cpu": [
        "x64"
      ],
      "license": "MIT",
      "optional": true,
      "os": [
        "freebsd"
      ],
      "funding": {
        "url": "https://liberapay.com/Koromix"
      }
    },
    "node_modules/@koromix/koffi-linux-arm": {
      "version": "3.3.1",
      "resolved": "https://registry.npmjs.org/@koromix/koffi-linux-arm/-/koffi-linux-arm-3.3.1.tgz",
      "integrity": "sha512-rE6QypE/h4nDHPlzzVPok5W2gL5CopvBYI44lJXO2SauxVAeV86bbf+ucmF/toYENdjF0DBdY7GbloyixwQpPQ==",
      "cpu": [
        "arm"
      ],
      "license": "MIT",
      "optional": true,
      "os": [
        "linux"
      ],
      "funding": {
        "url": "https://liberapay.com/Koromix"
      }
    },
    "node_modules/@koromix/koffi-linux-arm64": {
      "version": "3.3.1",
      "resolved": "https://registry.npmjs.org/@koromix/koffi-linux-arm64/-/koffi-linux-arm64-3.3.1.tgz",
      "integrity": "sha512-Itv2N+TvBFTSdEZdokM4ydjbBwr6GNKd51+UXoh/5HVXALBRnMQek2QhBnG7z6H9+/p2SB4rqBnvhuLQpv4B7g==",
      "cpu": [
        "arm64"
      ],
      "license": "MIT",
      "optional": true,
      "os": [
        "linux"
      ],
      "funding": {
        "url": "https://liberapay.com/Koromix"
      }
    },
    "node_modules/@koromix/koffi-linux-ia32": {
      "version": "3.3.1",
      "resolved": "https://registry.npmjs.org/@koromix/koffi-linux-ia32/-/koffi-linux-ia32-3.3.1.tgz",
      "integrity": "sha512-pb1NJ/Ih4MAPB1e2koQOKxGtLuPWKMT3QXxBrPptkkkDz/XpV6+bAA4ys7amXxpA0ybM2u/+VM0gGzdJRThkRg==",
      "cpu": [
        "ia32"
      ],
      "license": "MIT",
      "optional": true,
      "os": [
        "linux"
      ],
      "funding": {
        "url": "https://liberapay.com/Koromix"
      }
    },
    "node_modules/@koromix/koffi-linux-loong64": {
      "version": "3.3.1",
      "resolved": "https://registry.npmjs.org/@koromix/koffi-linux-loong64/-/koffi-linux-loong64-3.3.1.tgz",
      "integrity": "sha512-RdS57JuF39tLXS/yYq4KlFnU7CMrn1+x/4v171bji+1aPYOXPxzYDAJVjapv/6tnrESrMTnfWIja3jfzieFmpQ==",
      "cpu": [
        "loong64"
      ],
      "license": "MIT",
      "optional": true,
      "os": [
        "linux"
      ],
      "funding": {
        "url": "https://liberapay.com/Koromix"
      }
    },
    "node_modules/@koromix/koffi-linux-ppc64": {
      "version": "3.3.1",
      "resolved": "https://registry.npmjs.org/@koromix/koffi-linux-ppc64/-/koffi-linux-ppc64-3.3.1.tgz",
      "integrity": "sha512-nmOTpQQS5pWG73X01y7K70JQaL+5T/v04i0G4BtXDAxQq3WHmyeJCgmdHhz5W0JVtjHicitSZoothTspAopF9A==",
      "cpu": [
        "ppc64"
      ],
      "license": "MIT",
      "optional": true,
      "os": [
        "linux"
      ],
      "funding": {
        "url": "https://liberapay.com/Koromix"
      }
    },
    "node_modules/@koromix/koffi-linux-riscv64": {
      "version": "3.3.1",
      "resolved": "https://registry.npmjs.org/@koromix/koffi-linux-riscv64/-/koffi-linux-riscv64-3.3.1.tgz",
      "integrity": "sha512-mk0Av5QmK0BPD3OHytOThVhEe4VCTrYv3+em6h75E1rNYiCfixzeh3d5+s5x2vCaby8zzxvNd39sO89Bp1juwg==",
      "cpu": [
        "riscv64"
      ],
      "license": "MIT",
      "optional": true,
      "os": [
        "linux"
      ],
      "funding": {
        "url": "https://liberapay.com/Koromix"
      }
    },
    "node_modules/@koromix/koffi-linux-x64": {
      "version": "3.3.1",
      "resolved": "https://registry.npmjs.org/@koromix/koffi-linux-x64/-/koffi-linux-x64-3.3.1.tgz",
      "integrity": "sha512-uU5cJNe145TvITqrUWvBmZO4WLNObdZ2Gnm8eNk/OdrhRFG9LB44RUv07aQwPbdo1438j+Cr+tFNnpjTBadZFQ==",
      "cpu": [
        "x64"
      ],
      "license": "MIT",
      "optional": true,
      "os": [
        "linux"
      ],
      "funding": {
        "url": "https://liberapay.com/Koromix"
      }
    },
    "node_modules/@koromix/koffi-openbsd-arm64": {
      "version": "3.3.1",
      "resolved": "https://registry.npmjs.org/@koromix/koffi-openbsd-arm64/-/koffi-openbsd-arm64-3.3.1.tgz",
      "integrity": "sha512-owXmXHI+5kkDyVjqGPfPgIHIzH1swsGY+YNbQ4ozkO23UKzJElAtmQPcmA1pQwiDCeyojHEelgd9+BV58uOIkA==",
      "cpu": [
        "arm64"
      ],
      "license": "MIT",
      "optional": true,
      "os": [
        "openbsd"
      ],
      "funding": {
        "url": "https://liberapay.com/Koromix"
      }
    },
    "node_modules/@koromix/koffi-openbsd-ia32": {
      "version": "3.3.1",
      "resolved": "https://registry.npmjs.org/@koromix/koffi-openbsd-ia32/-/koffi-openbsd-ia32-3.3.1.tgz",
      "integrity": "sha512-fvIKWycDdc9XL3ATQT0uvt/j82EB3/JWzJU4yqUCJbMotTP8mvo/c1D1Jus4mO+fNGEYM33YuFDkJcQkHJd9Dg==",
      "cpu": [
        "ia32"
      ],
      "license": "MIT",
      "optional": true,
      "os": [
        "openbsd"
      ],
      "funding": {
        "url": "https://liberapay.com/Koromix"
      }
    },
    "node_modules/@koromix/koffi-openbsd-x64": {
      "version": "3.3.1",
      "resolved": "https://registry.npmjs.org/@koromix/koffi-openbsd-x64/-/koffi-openbsd-x64-3.3.1.tgz",
      "integrity": "sha512-UYk2xNAK5wEyskLtrgTRt+2lwfBOvgaK8UJDz4B2qm57VvRrqb7ye1hzKFZrRVa8NWRPUk6W/zsqZyFHu4BoLA==",
      "cpu": [
        "x64"
      ],
      "license": "MIT",
      "optional": true,
      "os": [
        "openbsd"
      ],
      "funding": {
        "url": "https://liberapay.com/Koromix"
      }
    },
    "node_modules/@koromix/koffi-win32-arm64": {
      "version": "3.3.1",
      "resolved": "https://registry.npmjs.org/@koromix/koffi-win32-arm64/-/koffi-win32-arm64-3.3.1.tgz",
      "integrity": "sha512-SZsmAWUKxBHdUR6Z5IJTslOOy0VEFHxoDHMZkn3k0P5TuP/aOZfQYoEa34UwnLI8t2Fmgyhmympth+39tR/XUw==",
      "cpu": [
        "arm64"
      ],
      "license": "MIT",
      "optional": true,
      "os": [
        "win32"
      ],
      "funding": {
        "url": "https://liberapay.com/Koromix"
      }
    },
    "node_modules/@koromix/koffi-win32-ia32": {
      "version": "3.3.1",
      "resolved": "https://registry.npmjs.org/@koromix/koffi-win32-ia32/-/koffi-win32-ia32-3.3.1.tgz",
      "integrity": "sha512-pARisOvxCPkk6Wg1HkwRCnrkJIVS31kDweWLo+bQay/Dr1915s7skVydWpTKS30EcfOh4Jay7B4c0dgamTLBHg==",
      "cpu": [
        "ia32"
      ],
      "license": "MIT",
      "optional": true,
      "os": [
        "win32"
      ],
      "funding": {
        "url": "https://liberapay.com/Koromix"
      }
    },
    "node_modules/@koromix/koffi-win32-x64": {
      "version": "3.3.1",
      "resolved": "https://registry.npmjs.org/@koromix/koffi-win32-x64/-/koffi-win32-x64-3.3.1.tgz",
      "integrity": "sha512-LYoO19cTIA7xjl+3s4VeGagCAO38VNXZ969DNszb1wTwJUjrHLrAbHFkk8fYkXineM3HJkFwElW0VLmZqXcfRg==",
      "cpu": [
        "x64"
      ],
      "license": "MIT",
      "optional": true,
      "os": [
        "win32"
      ],
      "funding": {
        "url": "https://liberapay.com/Koromix"
      }
    },
    "node_modules/koffi": {
      "version": "3.3.1",
      "resolved": "https://registry.npmjs.org/koffi/-/koffi-3.3.1.tgz",
      "integrity": "sha512-FZYfhBfYQr/cmHhZpaQ9rhbKpkjHhxaytn2A0mbPhiD5yV8QzF3SiQwR1w/34rCJ1fw+6qBQSj/ZoXRdC+Xc2Q==",
      "hasInstallScript": true,
      "license": "MIT",
      "funding": {
        "url": "https://liberapay.com/Koromix"
      },
      "optionalDependencies": {
        "@koromix/koffi-android-arm64": "3.3.1",
        "@koromix/koffi-android-x64": "3.3.1",
        "@koromix/koffi-darwin-arm64": "3.3.1",
        "@koromix/koffi-darwin-x64": "3.3.1",
        "@koromix/koffi-freebsd-arm64": "3.3.1",
        "@koromix/koffi-freebsd-ia32": "3.3.1",
        "@koromix/koffi-freebsd-x64": "3.3.1",
        "@koromix/koffi-linux-arm": "3.3.1",
        "@koromix/koffi-linux-arm64": "3.3.1",
        "@koromix/koffi-linux-ia32": "3.3.1",
        "@koromix/koffi-linux-loong64": "3.3.1",
        "@koromix/koffi-linux-ppc64": "3.3.1",
        "@koromix/koffi-linux-riscv64": "3.3.1",
        "@koromix/koffi-linux-x64": "3.3.1",
        "@koromix/koffi-openbsd-arm64": "3.3.1",
        "@koromix/koffi-openbsd-ia32": "3.3.1",
        "@koromix/koffi-openbsd-x64": "3.3.1",
        "@koromix/koffi-win32-arm64": "3.3.1",
        "@koromix/koffi-win32-ia32": "3.3.1",
        "@koromix/koffi-win32-x64": "3.3.1"
      }
    },
    "node_modules/office-oxide-darwin-arm64": {
      "optional": true
    },
    "node_modules/office-oxide-darwin-x64": {
      "optional": true
    },
    "node_modules/office-oxide-linux-arm64": {
      "optional": true
    },
    "node_modules/office-oxide-linux-x64": {
      "optional": true
    },
    "node_modules/office-oxide-win32-arm64": {
      "optional": true
    },
    "node_modules/office-oxide-win32-x64": {
      "optional": true
    }
  }
}
